
Microsoft Visual Studio Solution File, Format Version 12.00
# Visual Studio Version 16
VisualStudioVersion = 16.0.29503.13
MinimumVisualStudioVersion = 10.0.40219.1
Project("{9A19103F-16F7-4668-BE54-9A1E7A4F7556}") = "Pdfor", "Pdfor\Pdfor.csproj", "{51F8536E-7573-4721-9F36-767CB0717375}"
EndProject
Global
	GlobalSection(SolutionConfigurationPlatforms) = preSolution
		Debug|Any CPU = Debug|Any CPU
		Release|Any CPU = Release|Any CPU
	EndGlobalSection
	GlobalSection(ProjectConfigurationPlatforms) = postSolution
		{51F8536E-7573-4721-9F36-767CB0717375}.Debug|Any CPU.ActiveCfg = Debug|Any CPU
		{51F8536E-7573-4721-9F36-767CB0717375}.Debug|Any CPU.Build.0 = Debug|Any CPU
		{51F8536E-7573-4721-9F36-767CB0717375}.Release|Any CPU.ActiveCfg = Release|Any CPU
		{51F8536E-7573-4721-9F36-767CB0717375}.Release|Any CPU.Build.0 = Release|Any CPU
	EndGlobalSection
	GlobalSection(SolutionProperties) = preSolution
		HideSolutionNode = FALSE
	EndGlobalSection
	GlobalSection(ExtensibilityGlobals) = postSolution
		SolutionGuid = {C7DA16E3-9949-49FA-B0B4-F830636DE60F}
	EndGlobalSection
EndGlobal
